
Microsoft Visual Studio Solution File, Format Version 12.00
# Visual Studio Version 17
VisualStudioVersion = 17.7.34024.191
MinimumVisualStudioVersion = 10.0.40219.1
Project("{FAE04EC0-301F-11D3-BF4B-00C04F79EFBC}") = "WebBook2", "WebBook2\WebBook2.csproj", "{71FA50BF-C143-45CE-8112-6437DFF3C633}"
EndProject
Project("{FAE04EC0-301F-11D3-BF4B-00C04F79EFBC}") = "Domin", "Domin\Domin.csproj", "{C8ACDB01-13A1-417A-B58F-D1D985848E5B}"
EndProject
Project("{FAE04EC0-301F-11D3-BF4B-00C04F79EFBC}") = "InfraStucture", "InfraStucture\InfraStucture.csproj", "{1C74BA27-2959-427C-88EA-CA50B85A2FC4}"
EndProject
Global
	GlobalSection(SolutionConfigurationPlatforms) = preSolution
		Debug|Any CPU = Debug|Any CPU
		Release|Any CPU = Release|Any CPU
	EndGlobalSection
	GlobalSection(ProjectConfigurationPlatforms) = postSolution
		{71FA50BF-C143-45CE-8112-6437DFF3C633}.Debug|Any CPU.ActiveCfg = Debug|Any CPU
		{71FA50BF-C143-45CE-8112-6437DFF3C633}.Debug|Any CPU.Build.0 = Debug|Any CPU
		{71FA50BF-C143-45CE-8112-6437DFF3C633}.Release|Any CPU.ActiveCfg = Release|Any CPU
		{71FA50BF-C143-45CE-8112-6437DFF3C633}.Release|Any CPU.Build.0 = Release|Any CPU
		{C8ACDB01-13A1-417A-B58F-D1D985848E5B}.Debug|Any CPU.ActiveCfg = Debug|Any CPU
		{C8ACDB01-13A1-417A-B58F-D1D985848E5B}.Debug|Any CPU.Build.0 = Debug|Any CPU
		{C8ACDB01-13A1-417A-B58F-D1D985848E5B}.Release|Any CPU.ActiveCfg = Release|Any CPU
		{C8ACDB01-13A1-417A-B58F-D1D985848E5B}.Release|Any CPU.Build.0 = Release|Any CPU
		{1C74BA27-2959-427C-88EA-CA50B85A2FC4}.Debug|Any CPU.ActiveCfg = Debug|Any CPU
		{1C74BA27-2959-427C-88EA-CA50B85A2FC4}.Debug|Any CPU.Build.0 = Debug|Any CPU
		{1C74BA27-2959-427C-88EA-CA50B85A2FC4}.Release|Any CPU.ActiveCfg = Release|Any CPU
		{1C74BA27-2959-427C-88EA-CA50B85A2FC4}.Release|Any CPU.Build.0 = Release|Any CPU
	EndGlobalSection
	GlobalSection(SolutionProperties) = preSolution
		HideSolutionNode = FALSE
	EndGlobalSection
	GlobalSection(ExtensibilityGlobals) = postSolution
		SolutionGuid = {8A85D06C-9634-413C-A0FE-5AED2FFD9552}
	EndGlobalSection
EndGlobal
